
Microsoft Visual Studio Solution File, Format Version 12.00
# Visual Studio Version 17
VisualStudioVersion = 17.13.35806.99 d17.13
MinimumVisualStudioVersion = 10.0.40219.1
Project("{FAE04EC0-301F-11D3-BF4B-00C04F79EFBC}") = "Barbearia-Backend.NET", "Barbearia-Backend.NET.csproj", "{855FC4FE-89DC-443F-9BF7-E1D36730CD88}"
EndProject
Global
	GlobalSection(SolutionConfigurationPlatforms) = preSolution
		Debug|Any CPU = Debug|Any CPU
		Release|Any CPU = Release|Any CPU
	EndGlobalSection
	GlobalSection(ProjectConfigurationPlatforms) = postSolution
		{855FC4FE-89DC-443F-9BF7-E1D36730CD88}.Debug|Any CPU.ActiveCfg = Debug|Any CPU
		{855FC4FE-89DC-443F-9BF7-E1D36730CD88}.Debug|Any CPU.Build.0 = Debug|Any CPU
		{855FC4FE-89DC-443F-9BF7-E1D36730CD88}.Release|Any CPU.ActiveCfg = Release|Any CPU
		{855FC4FE-89DC-443F-9BF7-E1D36730CD88}.Release|Any CPU.Build.0 = Release|Any CPU
	EndGlobalSection
	GlobalSection(SolutionProperties) = preSolution
		HideSolutionNode = FALSE
	EndGlobalSection
	GlobalSection(ExtensibilityGlobals) = postSolution
		SolutionGuid = {54AB02B4-E4A4-46C8-8110-922AD3D76900}
	EndGlobalSection
EndGlobal
